// !$*UTF8*$!
{
	archiveVersion = 1;
	classes = {
	};
	objectVersion = 50;
	objects = {

/* Begin PBXBuildFile section */
		860A93C32781D2AE00D74E7E /* BaseTabView.swift in Sources */ = {isa = PBXBuildFile; fileRef = 860A93C22781D2AE00D74E7E /* BaseTabView.swift */; };
		860A93D12781F1AD00D74E7E /* NetworkingBaseView.swift in Sources */ = {isa = PBXBuildFile; fileRef = 860A93D02781F1AD00D74E7E /* NetworkingBaseView.swift */; };
		860A93E62782E62000D74E7E /* ControlBaseView.swift in Sources */ = {isa = PBXBuildFile; fileRef = 860A93E52782E62000D74E7E /* ControlBaseView.swift */; };
		860A93EB2782E75300D74E7E /* ToggleView.swift in Sources */ = {isa = PBXBuildFile; fileRef = 860A93EA2782E75300D74E7E /* ToggleView.swift */; };
		860A93F02782E76400D74E7E /* SliderView.swift in Sources */ = {isa = PBXBuildFile; fileRef = 860A93EF2782E76400D74E7E /* SliderView.swift */; };
		860A93F52782E76C00D74E7E /* StepperView.swift in Sources */ = {isa = PBXBuildFile; fileRef = 860A93F42782E76C00D74E7E /* StepperView.swift */; };
		860A94022784719200D74E7E /* PickerView.swift in Sources */ = {isa = PBXBuildFile; fileRef = 860A94012784719200D74E7E /* PickerView.swift */; };
		860A940E27847F8800D74E7E /* PickerViewModel.swift in Sources */ = {isa = PBXBuildFile; fileRef = 860A940D27847F8800D74E7E /* PickerViewModel.swift */; };
		860A941327891D5700D74E7E /* LoginView.swift in Sources */ = {isa = PBXBuildFile; fileRef = 860A941227891D5700D74E7E /* LoginView.swift */; };
		8643C11F2744BBA000BB9E04 /* LoremView.swift in Sources */ = {isa = PBXBuildFile; fileRef = 8643C11E2744BBA000BB9E04 /* LoremView.swift */; };
		8643C124274534B500BB9E04 /* NeetQuestionService.swift in Sources */ = {isa = PBXBuildFile; fileRef = 8643C123274534B500BB9E04 /* NeetQuestionService.swift */; };
		8643C12A27467FAA00BB9E04 /* NeetQuestion.swift in Sources */ = {isa = PBXBuildFile; fileRef = 8643C12927467FAA00BB9E04 /* NeetQuestion.swift */; };
		8643C132274680EE00BB9E04 /* NeetQuestionViewModel.swift in Sources */ = {isa = PBXBuildFile; fileRef = 8643C131274680EE00BB9E04 /* NeetQuestionViewModel.swift */; };
		8643C137274681D200BB9E04 /* NeetQuestionView.swift in Sources */ = {isa = PBXBuildFile; fileRef = 8643C136274681D200BB9E04 /* NeetQuestionView.swift */; };
		865BFDDF278A811D00A95014 /* NoticeListView.swift in Sources */ = {isa = PBXBuildFile; fileRef = 865BFDDE278A811D00A95014 /* NoticeListView.swift */; };
		865BFDE8278A905800A95014 /* NoticeView.swift in Sources */ = {isa = PBXBuildFile; fileRef = 865BFDE7278A905800A95014 /* NoticeView.swift */; };
		86627D5D27341BF50044A980 /* AppDelegate.swift in Sources */ = {isa = PBXBuildFile; fileRef = 86627D5C27341BF50044A980 /* AppDelegate.swift */; };
		86627D5F27341BF50044A980 /* SceneDelegate.swift in Sources */ = {isa = PBXBuildFile; fileRef = 86627D5E27341BF50044A980 /* SceneDelegate.swift */; };
		86627D6127341BF50044A980 /* ContentView.swift in Sources */ = {isa = PBXBuildFile; fileRef = 86627D6027341BF50044A980 /* ContentView.swift */; };
		86627D6327341BF60044A980 /* Assets.xcassets in Resources */ = {isa = PBXBuildFile; fileRef = 86627D6227341BF60044A980 /* Assets.xcassets */; };
		86627D6627341BF60044A980 /* Preview Assets.xcassets in Resources */ = {isa = PBXBuildFile; fileRef = 86627D6527341BF60044A980 /* Preview Assets.xcassets */; };
		86627D6927341BF60044A980 /* LaunchScreen.storyboard in Resources */ = {isa = PBXBuildFile; fileRef = 86627D6727341BF60044A980 /* LaunchScreen.storyboard */; };
		86627D7427341BF60044A980 /* MySwiftUITests.swift in Sources */ = {isa = PBXBuildFile; fileRef = 86627D7327341BF60044A980 /* MySwiftUITests.swift */; };
		86627D7F27341BF60044A980 /* MySwiftUIUITests.swift in Sources */ = {isa = PBXBuildFile; fileRef = 86627D7E27341BF60044A980 /* MySwiftUIUITests.swift */; };
		86627D99273D54E10044A980 /* LoremService.swift in Sources */ = {isa = PBXBuildFile; fileRef = 86627D98273D54E10044A980 /* LoremService.swift */; };
		86627DA6273E918B0044A980 /* LoremViewModel.swift in Sources */ = {isa = PBXBuildFile; fileRef = 86627DA5273E918B0044A980 /* LoremViewModel.swift */; };
		868C656927534D5C008D6C7C /* PicsumService.swift in Sources */ = {isa = PBXBuildFile; fileRef = 868C656827534D5C008D6C7C /* PicsumService.swift */; };
		868C656E275350DD008D6C7C /* PicsumViewModel.swift in Sources */ = {isa = PBXBuildFile; fileRef = 868C656D275350DD008D6C7C /* PicsumViewModel.swift */; };
		868C6573275352E2008D6C7C /* PicsumView.swift in Sources */ = {isa = PBXBuildFile; fileRef = 868C6572275352E2008D6C7C /* PicsumView.swift */; };
		8692B6EB275E3CF600D58B87 /* TextFileService.swift in Sources */ = {isa = PBXBuildFile; fileRef = 8692B6EA275E3CF600D58B87 /* TextFileService.swift */; };
		86CA690E2778215700E88747 /* ProfileViewModel.swift in Sources */ = {isa = PBXBuildFile; fileRef = 86CA690D2778215700E88747 /* ProfileViewModel.swift */; };
		86CA69132778229400E88747 /* ProfileView.swift in Sources */ = {isa = PBXBuildFile; fileRef = 86CA69122778229400E88747 /* ProfileView.swift */; };
/* End PBXBuildFile section */

/* Begin PBXContainerItemProxy section */
		86627D7027341BF60044A980 /* PBXContainerItemProxy */ = {
			isa = PBXContainerItemProxy;
			containerPortal = 86627D5127341BF50044A980 /* Project object */;
			proxyType = 1;
			remoteGlobalIDString = 86627D5827341BF50044A980;
			remoteInfo = MySwiftUI;
		};
		86627D7B27341BF60044A980 /* PBXContainerItemProxy */ = {
			isa = PBXContainerItemProxy;
			containerPortal = 86627D5127341BF50044A980 /* Project object */;
			proxyType = 1;
			remoteGlobalIDString = 86627D5827341BF50044A980;
			remoteInfo = MySwiftUI;
		};
/* End PBXContainerItemProxy section */

/* Begin PBXFileReference section */
		860A93C22781D2AE00D74E7E /* BaseTabView.swift */ = {isa = PBXFileReference; lastKnownFileType = sourcecode.swift; path = BaseTabView.swift; sourceTree = "<group>"; };
		860A93D02781F1AD00D74E7E /* NetworkingBaseView.swift */ = {isa = PBXFileReference; lastKnownFileType = sourcecode.swift; path = NetworkingBaseView.swift; sourceTree = "<group>"; };
		860A93E52782E62000D74E7E /* ControlBaseView.swift */ = {isa = PBXFileReference; lastKnownFileType = sourcecode.swift; path = ControlBaseView.swift; sourceTree = "<group>"; };
		860A93EA2782E75300D74E7E /* ToggleView.swift */ = {isa = PBXFileReference; lastKnownFileType = sourcecode.swift; path = ToggleView.swift; sourceTree = "<group>"; };
		860A93EF2782E76400D74E7E /* SliderView.swift */ = {isa = PBXFileReference; lastKnownFileType = sourcecode.swift; path = SliderView.swift; sourceTree = "<group>"; };
		860A93F42782E76C00D74E7E /* StepperView.swift */ = {isa = PBXFileReference; lastKnownFileType = sourcecode.swift; path = StepperView.swift; sourceTree = "<group>"; };
		860A94012784719200D74E7E /* PickerView.swift */ = {isa = PBXFileReference; lastKnownFileType = sourcecode.swift; path = PickerView.swift; sourceTree = "<group>"; };
		860A940D27847F8800D74E7E /* PickerViewModel.swift */ = {isa = PBXFileReference; lastKnownFileType = sourcecode.swift; path = PickerViewModel.swift; sourceTree = "<group>"; };
		860A941227891D5700D74E7E /* LoginView.swift */ = {isa = PBXFileReference; lastKnownFileType = sourcecode.swift; path = LoginView.swift; sourceTree = "<group>"; };
		8643C11E2744BBA000BB9E04 /* LoremView.swift */ = {isa = PBXFileReference; lastKnownFileType = sourcecode.swift; path = LoremView.swift; sourceTree = "<group>"; };
		8643C123274534B500BB9E04 /* NeetQuestionService.swift */ = {isa = PBXFileReference; lastKnownFileType = sourcecode.swift; path = NeetQuestionService.swift; sourceTree = "<group>"; };
		8643C12927467FAA00BB9E04 /* NeetQuestion.swift */ = {isa = PBXFileReference; lastKnownFileType = sourcecode.swift; path = NeetQuestion.swift; sourceTree = "<group>"; };
		8643C131274680EE00BB9E04 /* NeetQuestionViewModel.swift */ = {isa = PBXFileReference; lastKnownFileType = sourcecode.swift; path = NeetQuestionViewModel.swift; sourceTree = "<group>"; };
		8643C136274681D200BB9E04 /* NeetQuestionView.swift */ = {isa = PBXFileReference; lastKnownFileType = sourcecode.swift; path = NeetQuestionView.swift; sourceTree = "<group>"; };
		865BFDDE278A811D00A95014 /* NoticeListView.swift */ = {isa = PBXFileReference; lastKnownFileType = sourcecode.swift; path = NoticeListView.swift; sourceTree = "<group>"; };
		865BFDE7278A905800A95014 /* NoticeView.swift */ = {isa = PBXFileReference; lastKnownFileType = sourcecode.swift; path = NoticeView.swift; sourceTree = "<group>"; };
		86627D5927341BF50044A980 /* MySwiftUI.app */ = {isa = PBXFileReference; explicitFileType = wrapper.application; includeInIndex = 0; path = MySwiftUI.app; sourceTree = BUILT_PRODUCTS_DIR; };
		86627D5C27341BF50044A980 /* AppDelegate.swift */ = {isa = PBXFileReference; lastKnownFileType = sourcecode.swift; path = AppDelegate.swift; sourceTree = "<group>"; };
		86627D5E27341BF50044A980 /* SceneDelegate.swift */ = {isa = PBXFileReference; lastKnownFileType = sourcecode.swift; path = SceneDelegate.swift; sourceTree = "<group>"; };
		86627D6027341BF50044A980 /* ContentView.swift */ = {isa = PBXFileReference; lastKnownFileType = sourcecode.swift; path = ContentView.swift; sourceTree = "<group>"; };
		86627D6227341BF60044A980 /* Assets.xcassets */ = {isa = PBXFileReference; lastKnownFileType = folder.assetcatalog; path = Assets.xcassets; sourceTree = "<group>"; };
		86627D6527341BF60044A980 /* Preview Assets.xcassets */ = {isa = PBXFileReference; lastKnownFileType = folder.assetcatalog; path = "Preview Assets.xcassets"; sourceTree = "<group>"; };
		86627D6827341BF60044A980 /* Base */ = {isa = PBXFileReference; lastKnownFileType = file.storyboard; name = Base; path = Base.lproj/LaunchScreen.storyboard; sourceTree = "<group>"; };
		86627D6A27341BF60044A980 /* Info.plist */ = {isa = PBXFileReference; lastKnownFileType = text.plist.xml; path = Info.plist; sourceTree = "<group>"; };
		86627D6F27341BF60044A980 /* MySwiftUITests.xctest */ = {isa = PBXFileReference; explicitFileType = wrapper.cfbundle; includeInIndex = 0; path = MySwiftUITests.xctest; sourceTree = BUILT_PRODUCTS_DIR; };
		86627D7327341BF60044A980 /* MySwiftUITests.swift */ = {isa = PBXFileReference; lastKnownFileType = sourcecode.swift; path = MySwiftUITests.swift; sourceTree = "<group>"; };
		86627D7527341BF60044A980 /* Info.plist */ = {isa = PBXFileReference; lastKnownFileType = text.plist.xml; path = Info.plist; sourceTree = "<group>"; };
		86627D7A27341BF60044A980 /* MySwiftUIUITests.xctest */ = {isa = PBXFileReference; explicitFileType = wrapper.cfbundle; includeInIndex = 0; path = MySwiftUIUITests.xctest; sourceTree = BUILT_PRODUCTS_DIR; };
		86627D7E27341BF60044A980 /* MySwiftUIUITests.swift */ = {isa = PBXFileReference; lastKnownFileType = sourcecode.swift; path = MySwiftUIUITests.swift; sourceTree = "<group>"; };
		86627D8027341BF60044A980 /* Info.plist */ = {isa = PBXFileReference; lastKnownFileType = text.plist.xml; path = Info.plist; sourceTree = "<group>"; };
		86627D98273D54E10044A980 /* LoremService.swift */ = {isa = PBXFileReference; lastKnownFileType = sourcecode.swift; path = LoremService.swift; sourceTree = "<group>"; };
		86627DA5273E918B0044A980 /* LoremViewModel.swift */ = {isa = PBXFileReference; lastKnownFileType = sourcecode.swift; path = LoremViewModel.swift; sourceTree = "<group>"; };
		868C656827534D5C008D6C7C /* PicsumService.swift */ = {isa = PBXFileReference; lastKnownFileType = sourcecode.swift; path = PicsumService.swift; sourceTree = "<group>"; };
		868C656D275350DD008D6C7C /* PicsumViewModel.swift */ = {isa = PBXFileReference; lastKnownFileType = sourcecode.swift; path = PicsumViewModel.swift; sourceTree = "<group>"; };
		868C6572275352E2008D6C7C /* PicsumView.swift */ = {isa = PBXFileReference; lastKnownFileType = sourcecode.swift; path = PicsumView.swift; sourceTree = "<group>"; };
		8692B6EA275E3CF600D58B87 /* TextFileService.swift */ = {isa = PBXFileReference; lastKnownFileType = sourcecode.swift; path = TextFileService.swift; sourceTree = "<group>"; };
		86CA690D2778215700E88747 /* ProfileViewModel.swift */ = {isa = PBXFileReference; lastKnownFileType = sourcecode.swift; path = ProfileViewModel.swift; sourceTree = "<group>"; };
		86CA69122778229400E88747 /* ProfileView.swift */ = {isa = PBXFileReference; lastKnownFileType = sourcecode.swift; path = ProfileView.swift; sourceTree = "<group>"; };
/* End PBXFileReference section */

/* Begin PBXFrameworksBuildPhase section */
		86627D5627341BF50044A980 /* Frameworks */ = {
			isa = PBXFrameworksBuildPhase;
			buildActionMask = 2147483647;
			files = (
			);
			runOnlyForDeploymentPostprocessing = 0;
		};
		86627D6C27341BF60044A980 /* Frameworks */ = {
			isa = PBXFrameworksBuildPhase;
			buildActionMask = 2147483647;
			files = (
			);
			runOnlyForDeploymentPostprocessing = 0;
		};
		86627D7727341BF60044A980 /* Frameworks */ = {
			isa = PBXFrameworksBuildPhase;
			buildActionMask = 2147483647;
			files = (
			);
			runOnlyForDeploymentPostprocessing = 0;
		};
/* End PBXFrameworksBuildPhase section */

/* Begin PBXGroup section */
		860A93D52782E30200D74E7E /* Networking */ = {
			isa = PBXGroup;
			children = (
				860A93D62782E33200D74E7E /* Base */,
				860A93D72782E33C00D74E7E /* Pages */,
			);
			path = Networking;
			sourceTree = "<group>";
		};
		860A93D62782E33200D74E7E /* Base */ = {
			isa = PBXGroup;
			children = (
				860A93D02781F1AD00D74E7E /* NetworkingBaseView.swift */,
			);
			path = Base;
			sourceTree = "<group>";
		};
		860A93D72782E33C00D74E7E /* Pages */ = {
			isa = PBXGroup;
			children = (
				860A93D82782E36700D74E7E /* Lorem */,
				860A93D92782E37700D74E7E /* NeetQuestion */,
				860A93DA2782E41B00D74E7E /* Picsum */,
			);
			path = Pages;
			sourceTree = "<group>";
		};
		860A93D82782E36700D74E7E /* Lorem */ = {
			isa = PBXGroup;
			children = (
				8643C11E2744BBA000BB9E04 /* LoremView.swift */,
				86627DA5273E918B0044A980 /* LoremViewModel.swift */,
			);
			path = Lorem;
			sourceTree = "<group>";
		};
		860A93D92782E37700D74E7E /* NeetQuestion */ = {
			isa = PBXGroup;
			children = (
				8643C136274681D200BB9E04 /* NeetQuestionView.swift */,
				8643C131274680EE00BB9E04 /* NeetQuestionViewModel.swift */,
			);
			path = NeetQuestion;
			sourceTree = "<group>";
		};
		860A93DA2782E41B00D74E7E /* Picsum */ = {
			isa = PBXGroup;
			children = (
				868C6572275352E2008D6C7C /* PicsumView.swift */,
				868C656D275350DD008D6C7C /* PicsumViewModel.swift */,
			);
			path = Picsum;
			sourceTree = "<group>";
		};
		860A93DE2782E46600D74E7E /* LocalDB */ = {
			isa = PBXGroup;
			children = (
				860A93DF2782E47B00D74E7E /* Profile */,
			);
			path = LocalDB;
			sourceTree = "<group>";
		};
		860A93DF2782E47B00D74E7E /* Profile */ = {
			isa = PBXGroup;
			children = (
				86CA69122778229400E88747 /* ProfileView.swift */,
				86CA690D2778215700E88747 /* ProfileViewModel.swift */,
			);
			path = Profile;
			sourceTree = "<group>";
		};
		860A93E02782E49500D74E7E /* BaseTab */ = {
			isa = PBXGroup;
			children = (
				860A93C22781D2AE00D74E7E /* BaseTabView.swift */,
			);
			path = BaseTab;
			sourceTree = "<group>";
		};
		860A93E12782E4B200D74E7E /* Content */ = {
			isa = PBXGroup;
			children = (
				86627D6027341BF50044A980 /* ContentView.swift */,
			);
			path = Content;
			sourceTree = "<group>";
		};
		860A93E22782E5DA00D74E7E /* Control */ = {
			isa = PBXGroup;
			children = (
				860A93E32782E5FF00D74E7E /* Base */,
				860A93E42782E60B00D74E7E /* Pages */,
			);
			path = Control;
			sourceTree = "<group>";
		};
		860A93E32782E5FF00D74E7E /* Base */ = {
			isa = PBXGroup;
			children = (
				860A93E52782E62000D74E7E /* ControlBaseView.swift */,
			);
			path = Base;
			sourceTree = "<group>";
		};
		860A93E42782E60B00D74E7E /* Pages */ = {
			isa = PBXGroup;
			children = (
				860A93EA2782E75300D74E7E /* ToggleView.swift */,
				860A93EF2782E76400D74E7E /* SliderView.swift */,
				860A93F42782E76C00D74E7E /* StepperView.swift */,
				860A940627847E7F00D74E7E /* Picker */,
				865BFDE6278A903C00A95014 /* Notice */,
			);
			path = Pages;
			sourceTree = "<group>";
		};
		860A940627847E7F00D74E7E /* Picker */ = {
			isa = PBXGroup;
			children = (
				860A94012784719200D74E7E /* PickerView.swift */,
				860A940D27847F8800D74E7E /* PickerViewModel.swift */,
			);
			path = Picker;
			sourceTree = "<group>";
		};
		860A941D27895CA400D74E7E /* Login */ = {
			isa = PBXGroup;
			children = (
				860A941227891D5700D74E7E /* LoginView.swift */,
			);
			path = Login;
			sourceTree = "<group>";
		};
		8643C12827467F7A00BB9E04 /* Entity */ = {
			isa = PBXGroup;
			children = (
				8643C12927467FAA00BB9E04 /* NeetQuestion.swift */,
			);
			path = Entity;
			sourceTree = "<group>";
		};
		865BFDE6278A903C00A95014 /* Notice */ = {
			isa = PBXGroup;
			children = (
				865BFDDE278A811D00A95014 /* NoticeListView.swift */,
				865BFDE7278A905800A95014 /* NoticeView.swift */,
			);
			path = Notice;
			sourceTree = "<group>";
		};
		86627D5027341BF50044A980 = {
			isa = PBXGroup;
			children = (
				86627D5B27341BF50044A980 /* MySwiftUI */,
				86627D7227341BF60044A980 /* MySwiftUITests */,
				86627D7D27341BF60044A980 /* MySwiftUIUITests */,
				86627D5A27341BF50044A980 /* Products */,
			);
			sourceTree = "<group>";
		};
		86627D5A27341BF50044A980 /* Products */ = {
			isa = PBXGroup;
			children = (
				86627D5927341BF50044A980 /* MySwiftUI.app */,
				86627D6F27341BF60044A980 /* MySwiftUITests.xctest */,
				86627D7A27341BF60044A980 /* MySwiftUIUITests.xctest */,
			);
			name = Products;
			sourceTree = "<group>";
		};
		86627D5B27341BF50044A980 /* MySwiftUI */ = {
			isa = PBXGroup;
			children = (
				86627D5C27341BF50044A980 /* AppDelegate.swift */,
				86627D5E27341BF50044A980 /* SceneDelegate.swift */,
				86627D6227341BF60044A980 /* Assets.xcassets */,
				8643C12827467F7A00BB9E04 /* Entity */,
				86627DA2273E90400044A980 /* UI */,
				86627DA3273E904D0044A980 /* Service */,
				86627D6727341BF60044A980 /* LaunchScreen.storyboard */,
				86627D6A27341BF60044A980 /* Info.plist */,
				86627D6427341BF60044A980 /* Preview Content */,
			);
			path = MySwiftUI;
			sourceTree = "<group>";
		};
		86627D6427341BF60044A980 /* Preview Content */ = {
			isa = PBXGroup;
			children = (
				86627D6527341BF60044A980 /* Preview Assets.xcassets */,
			);
			path = "Preview Content";
			sourceTree = "<group>";
		};
		86627D7227341BF60044A980 /* MySwiftUITests */ = {
			isa = PBXGroup;
			children = (
				86627D7327341BF60044A980 /* MySwiftUITests.swift */,
				86627D7527341BF60044A980 /* Info.plist */,
			);
			path = MySwiftUITests;
			sourceTree = "<group>";
		};
		86627D7D27341BF60044A980 /* MySwiftUIUITests */ = {
			isa = PBXGroup;
			children = (
				86627D7E27341BF60044A980 /* MySwiftUIUITests.swift */,
				86627D8027341BF60044A980 /* Info.plist */,
			);
			path = MySwiftUIUITests;
			sourceTree = "<group>";
		};
		86627DA2273E90400044A980 /* UI */ = {
			isa = PBXGroup;
			children = (
				860A941D27895CA400D74E7E /* Login */,
				860A93E02782E49500D74E7E /* BaseTab */,
				860A93E12782E4B200D74E7E /* Content */,
				860A93E22782E5DA00D74E7E /* Control */,
				860A93D52782E30200D74E7E /* Networking */,
				860A93DE2782E46600D74E7E /* LocalDB */,
			);
			path = UI;
			sourceTree = "<group>";
		};
		86627DA3273E904D0044A980 /* Service */ = {
			isa = PBXGroup;
			children = (
				86627D98273D54E10044A980 /* LoremService.swift */,
				8643C123274534B500BB9E04 /* NeetQuestionService.swift */,
				868C656827534D5C008D6C7C /* PicsumService.swift */,
				8692B6EA275E3CF600D58B87 /* TextFileService.swift */,
			);
			path = Service;
			sourceTree = "<group>";
		};
/* End PBXGroup section */

/* Begin PBXNativeTarget section */
		86627D5827341BF50044A980 /* MySwiftUI */ = {
			isa = PBXNativeTarget;
			buildConfigurationList = 86627D8327341BF60044A980 /* Build configuration list for PBXNativeTarget "MySwiftUI" */;
			buildPhases = (
				86627D5527341BF50044A980 /* Sources */,
				86627D5627341BF50044A980 /* Frameworks */,
				86627D5727341BF50044A980 /* Resources */,
			);
			buildRules = (
			);
			dependencies = (
			);
			name = MySwiftUI;
			productName = MySwiftUI;
			productReference = 86627D5927341BF50044A980 /* MySwiftUI.app */;
			productType = "com.apple.product-type.application";
		};
		86627D6E27341BF60044A980 /* MySwiftUITests */ = {
			isa = PBXNativeTarget;
			buildConfigurationList = 86627D8627341BF60044A980 /* Build configuration list for PBXNativeTarget "MySwiftUITests" */;
			buildPhases = (
				86627D6B27341BF60044A980 /* Sources */,
				86627D6C27341BF60044A980 /* Frameworks */,
				86627D6D27341BF60044A980 /* Resources */,
			);
			buildRules = (
			);
			dependencies = (
				86627D7127341BF60044A980 /* PBXTargetDependency */,
			);
			name = MySwiftUITests;
			productName = MySwiftUITests;
			productReference = 86627D6F27341BF60044A980 /* MySwiftUITests.xctest */;
			productType = "com.apple.product-type.bundle.unit-test";
		};
		86627D7927341BF60044A980 /* MySwiftUIUITests */ = {
			isa = PBXNativeTarget;
			buildConfigurationList = 86627D8927341BF60044A980 /* Build configuration list for PBXNativeTarget "MySwiftUIUITests" */;
			buildPhases = (
				86627D7627341BF60044A980 /* Sources */,
				86627D7727341BF60044A980 /* Frameworks */,
				86627D7827341BF60044A980 /* Resources */,
			);
			buildRules = (
			);
			dependencies = (
				86627D7C27341BF60044A980 /* PBXTargetDependency */,
			);
			name = MySwiftUIUITests;
			productName = MySwiftUIUITests;
			productReference = 86627D7A27341BF60044A980 /* MySwiftUIUITests.xctest */;
			productType = "com.apple.product-type.bundle.ui-testing";
		};
/* End PBXNativeTarget section */

/* Begin PBXProject section */
		86627D5127341BF50044A980 /* Project object */ = {
			isa = PBXProject;
			attributes = {
				LastSwiftUpdateCheck = 1240;
				LastUpgradeCheck = 1240;
				TargetAttributes = {
					86627D5827341BF50044A980 = {
						CreatedOnToolsVersion = 12.4;
					};
					86627D6E27341BF60044A980 = {
						CreatedOnToolsVersion = 12.4;
						TestTargetID = 86627D5827341BF50044A980;
					};
					86627D7927341BF60044A980 = {
						CreatedOnToolsVersion = 12.4;
						TestTargetID = 86627D5827341BF50044A980;
					};
				};
			};
			buildConfigurationList = 86627D5427341BF50044A980 /* Build configuration list for PBXProject "MySwiftUI" */;
			compatibilityVersion = "Xcode 9.3";
			developmentRegion = en;
			hasScannedForEncodings = 0;
			knownRegions = (
				en,
				Base,
			);
			mainGroup = 86627D5027341BF50044A980;
			productRefGroup = 86627D5A27341BF50044A980 /* Products */;
			projectDirPath = "";
			projectRoot = "";
			targets = (
				86627D5827341BF50044A980 /* MySwiftUI */,
				86627D6E27341BF60044A980 /* MySwiftUITests */,
				86627D7927341BF60044A980 /* MySwiftUIUITests */,
			);
		};
/* End PBXProject section */

/* Begin PBXResourcesBuildPhase section */
		86627D5727341BF50044A980 /* Resources */ = {
			isa = PBXResourcesBuildPhase;
			buildActionMask = 2147483647;
			files = (
				86627D6927341BF60044A980 /* LaunchScreen.storyboard in Resources */,
				86627D6627341BF60044A980 /* Preview Assets.xcassets in Resources */,
				86627D6327341BF60044A980 /* Assets.xcassets in Resources */,
			);
			runOnlyForDeploymentPostprocessing = 0;
		};
		86627D6D27341BF60044A980 /* Resources */ = {
			isa = PBXResourcesBuildPhase;
			buildActionMask = 2147483647;
			files = (
			);
			runOnlyForDeploymentPostprocessing = 0;
		};
		86627D7827341BF60044A980 /* Resources */ = {
			isa = PBXResourcesBuildPhase;
			buildActionMask = 2147483647;
			files = (
			);
			runOnlyForDeploymentPostprocessing = 0;
		};
/* End PBXResourcesBuildPhase section */

/* Begin PBXSourcesBuildPhase section */
		86627D5527341BF50044A980 /* Sources */ = {
			isa = PBXSourcesBuildPhase;
			buildActionMask = 2147483647;
			files = (
				8692B6EB275E3CF600D58B87 /* TextFileService.swift in Sources */,
				86CA690E2778215700E88747 /* ProfileViewModel.swift in Sources */,
				8643C11F2744BBA000BB9E04 /* LoremView.swift in Sources */,
				865BFDE8278A905800A95014 /* NoticeView.swift in Sources */,
				8643C12A27467FAA00BB9E04 /* NeetQuestion.swift in Sources */,
				868C656927534D5C008D6C7C /* PicsumService.swift in Sources */,
				8643C137274681D200BB9E04 /* NeetQuestionView.swift in Sources */,
				860A93F02782E76400D74E7E /* SliderView.swift in Sources */,
				86627DA6273E918B0044A980 /* LoremViewModel.swift in Sources */,
				868C656E275350DD008D6C7C /* PicsumViewModel.swift in Sources */,
				860A93EB2782E75300D74E7E /* ToggleView.swift in Sources */,
				868C6573275352E2008D6C7C /* PicsumView.swift in Sources */,
				86627D5D27341BF50044A980 /* AppDelegate.swift in Sources */,
				860A93F52782E76C00D74E7E /* StepperView.swift in Sources */,
				860A94022784719200D74E7E /* PickerView.swift in Sources */,
				865BFDDF278A811D00A95014 /* NoticeListView.swift in Sources */,
				860A93E62782E62000D74E7E /* ControlBaseView.swift in Sources */,
				8643C132274680EE00BB9E04 /* NeetQuestionViewModel.swift in Sources */,
				860A93C32781D2AE00D74E7E /* BaseTabView.swift in Sources */,
				860A941327891D5700D74E7E /* LoginView.swift in Sources */,
				86627D99273D54E10044A980 /* LoremService.swift in Sources */,
				860A940E27847F8800D74E7E /* PickerViewModel.swift in Sources */,
				86627D5F27341BF50044A980 /* SceneDelegate.swift in Sources */,
				86CA69132778229400E88747 /* ProfileView.swift in Sources */,
				86627D6127341BF50044A980 /* ContentView.swift in Sources */,
				8643C124274534B500BB9E04 /* NeetQuestionService.swift in Sources */,
				860A93D12781F1AD00D74E7E /* NetworkingBaseView.swift in Sources */,
			);
			runOnlyForDeploymentPostprocessing = 0;
		};
		86627D6B27341BF60044A980 /* Sources */ = {
			isa = PBXSourcesBuildPhase;
			buildActionMask = 2147483647;
			files = (
				86627D7427341BF60044A980 /* MySwiftUITests.swift in Sources */,
			);
			runOnlyForDeploymentPostprocessing = 0;
		};
		86627D7627341BF60044A980 /* Sources */ = {
			isa = PBXSourcesBuildPhase;
			buildActionMask = 2147483647;
			files = (
				86627D7F27341BF60044A980 /* MySwiftUIUITests.swift in Sources */,
			);
			runOnlyForDeploymentPostprocessing = 0;
		};
/* End PBXSourcesBuildPhase section */

/* Begin PBXTargetDependency section */
		86627D7127341BF60044A980 /* PBXTargetDependency */ = {
			isa = PBXTargetDependency;
			target = 86627D5827341BF50044A980 /* MySwiftUI */;
			targetProxy = 86627D7027341BF60044A980 /* PBXContainerItemProxy */;
		};
		86627D7C27341BF60044A980 /* PBXTargetDependency */ = {
			isa = PBXTargetDependency;
			target = 86627D5827341BF50044A980 /* MySwiftUI */;
			targetProxy = 86627D7B27341BF60044A980 /* PBXContainerItemProxy */;
		};
/* End PBXTargetDependency section */

/* Begin PBXVariantGroup section */
		86627D6727341BF60044A980 /* LaunchScreen.storyboard */ = {
			isa = PBXVariantGroup;
			children = (
				86627D6827341BF60044A980 /* Base */,
			);
			name = LaunchScreen.storyboard;
			sourceTree = "<group>";
		};
/* End PBXVariantGroup section */

/* Begin XCBuildConfiguration section */
		86627D8127341BF60044A980 /* Debug */ = {
			isa = XCBuildConfiguration;
			buildSettings = {
				ALWAYS_SEARCH_USER_PATHS = NO;
				CLANG_ANALYZER_NONNULL = YES;
				CLANG_ANALYZER_NUMBER_OBJECT_CONVERSION = YES_AGGRESSIVE;
				CLANG_CXX_LANGUAGE_STANDARD = "gnu++14";
				CLANG_CXX_LIBRARY = "libc++";
				CLANG_ENABLE_MODULES = YES;
				CLANG_ENABLE_OBJC_ARC = YES;
				CLANG_ENABLE_OBJC_WEAK = YES;
				CLANG_WARN_BLOCK_CAPTURE_AUTORELEASING = YES;
				CLANG_WARN_BOOL_CONVERSION = YES;
				CLANG_WARN_COMMA = YES;
				CLANG_WARN_CONSTANT_CONVERSION = YES;
				CLANG_WARN_DEPRECATED_OBJC_IMPLEMENTATIONS = YES;
				CLANG_WARN_DIRECT_OBJC_ISA_USAGE = YES_ERROR;
				CLANG_WARN_DOCUMENTATION_COMMENTS = YES;
				CLANG_WARN_EMPTY_BODY = YES;
				CLANG_WARN_ENUM_CONVERSION = YES;
				CLANG_WARN_INFINITE_RECURSION = YES;
				CLANG_WARN_INT_CONVERSION = YES;
				CLANG_WARN_NON_LITERAL_NULL_CONVERSION = YES;
				CLANG_WARN_OBJC_IMPLICIT_RETAIN_SELF = YES;
				CLANG_WARN_OBJC_LITERAL_CONVERSION = YES;
				CLANG_WARN_OBJC_ROOT_CLASS = YES_ERROR;
				CLANG_WARN_QUOTED_INCLUDE_IN_FRAMEWORK_HEADER = YES;
				CLANG_WARN_RANGE_LOOP_ANALYSIS = YES;
				CLANG_WARN_STRICT_PROTOTYPES = YES;
				CLANG_WARN_SUSPICIOUS_MOVE = YES;
				CLANG_WARN_UNGUARDED_AVAILABILITY = YES_AGGRESSIVE;
				CLANG_WARN_UNREACHABLE_CODE = YES;
				CLANG_WARN__DUPLICATE_METHOD_MATCH = YES;
				COPY_PHASE_STRIP = NO;
				DEBUG_INFORMATION_FORMAT = dwarf;
				ENABLE_STRICT_OBJC_MSGSEND = YES;
				ENABLE_TESTABILITY = YES;
				GCC_C_LANGUAGE_STANDARD = gnu11;
				GCC_DYNAMIC_NO_PIC = NO;
				GCC_NO_COMMON_BLOCKS = YES;
				GCC_OPTIMIZATION_LEVEL = 0;
				GCC_PREPROCESSOR_DEFINITIONS = (
					"DEBUG=1",
					"$(inherited)",
				);
				GCC_WARN_64_TO_32_BIT_CONVERSION = YES;
				GCC_WARN_ABOUT_RETURN_TYPE = YES_ERROR;
				GCC_WARN_UNDECLARED_SELECTOR = YES;
				GCC_WARN_UNINITIALIZED_AUTOS = YES_AGGRESSIVE;
				GCC_WARN_UNUSED_FUNCTION = YES;
				GCC_WARN_UNUSED_VARIABLE = YES;
				IPHONEOS_DEPLOYMENT_TARGET = 14.1;
				MTL_ENABLE_DEBUG_INFO = INCLUDE_SOURCE;
				MTL_FAST_MATH = YES;
				ONLY_ACTIVE_ARCH = YES;
				SDKROOT = iphoneos;
				SWIFT_ACTIVE_COMPILATION_CONDITIONS = DEBUG;
				SWIFT_OPTIMIZATION_LEVEL = "-Onone";
			};
			name = Debug;
		};
		86627D8227341BF60044A980 /* Release */ = {
			isa = XCBuildConfiguration;
			buildSettings = {
				ALWAYS_SEARCH_USER_PATHS = NO;
				CLANG_ANALYZER_NONNULL = YES;
				CLANG_ANALYZER_NUMBER_OBJECT_CONVERSION = YES_AGGRESSIVE;
				CLANG_CXX_LANGUAGE_STANDARD = "gnu++14";
				CLANG_CXX_LIBRARY = "libc++";
				CLANG_ENABLE_MODULES = YES;
				CLANG_ENABLE_OBJC_ARC = YES;
				CLANG_ENABLE_OBJC_WEAK = YES;
				CLANG_WARN_BLOCK_CAPTURE_AUTORELEASING = YES;
				CLANG_WARN_BOOL_CONVERSION = YES;
				CLANG_WARN_COMMA = YES;
				CLANG_WARN_CONSTANT_CONVERSION = YES;
				CLANG_WARN_DEPRECATED_OBJC_IMPLEMENTATIONS = YES;
				CLANG_WARN_DIRECT_OBJC_ISA_USAGE = YES_ERROR;
				CLANG_WARN_DOCUMENTATION_COMMENTS = YES;
				CLANG_WARN_EMPTY_BODY = YES;
				CLANG_WARN_ENUM_CONVERSION = YES;
				CLANG_WARN_INFINITE_RECURSION = YES;
				CLANG_WARN_INT_CONVERSION = YES;
				CLANG_WARN_NON_LITERAL_NULL_CONVERSION = YES;
				CLANG_WARN_OBJC_IMPLICIT_RETAIN_SELF = YES;
				CLANG_WARN_OBJC_LITERAL_CONVERSION = YES;
				CLANG_WARN_OBJC_ROOT_CLASS = YES_ERROR;
				CLANG_WARN_QUOTED_INCLUDE_IN_FRAMEWORK_HEADER = YES;
				CLANG_WARN_RANGE_LOOP_ANALYSIS = YES;
				CLANG_WARN_STRICT_PROTOTYPES = YES;
				CLANG_WARN_SUSPICIOUS_MOVE = YES;
				CLANG_WARN_UNGUARDED_AVAILABILITY = YES_AGGRESSIVE;
				CLANG_WARN_UNREACHABLE_CODE = YES;
				CLANG_WARN__DUPLICATE_METHOD_MATCH = YES;
				COPY_PHASE_STRIP = NO;
				DEBUG_INFORMATION_FORMAT = "dwarf-with-dsym";
				ENABLE_NS_ASSERTIONS = NO;
				ENABLE_STRICT_OBJC_MSGSEND = YES;
				GCC_C_LANGUAGE_STANDARD = gnu11;
				GCC_NO_COMMON_BLOCKS = YES;
				GCC_WARN_64_TO_32_BIT_CONVERSION = YES;
				GCC_WARN_ABOUT_RETURN_TYPE = YES_ERROR;
				GCC_WARN_UNDECLARED_SELECTOR = YES;
				GCC_WARN_UNINITIALIZED_AUTOS = YES_AGGRESSIVE;
				GCC_WARN_UNUSED_FUNCTION = YES;
				GCC_WARN_UNUSED_VARIABLE = YES;
				IPHONEOS_DEPLOYMENT_TARGET = 14.1;
				MTL_ENABLE_DEBUG_INFO = NO;
				MTL_FAST_MATH = YES;
				SDKROOT = iphoneos;
				SWIFT_COMPILATION_MODE = wholemodule;
				SWIFT_OPTIMIZATION_LEVEL = "-O";
				VALIDATE_PRODUCT = YES;
			};
			name = Release;
		};
		86627D8427341BF60044A980 /* Debug */ = {
			isa = XCBuildConfiguration;
			buildSettings = {
				ASSETCATALOG_COMPILER_APPICON_NAME = AppIcon;
				ASSETCATALOG_COMPILER_GLOBAL_ACCENT_COLOR_NAME = AccentColor;
				CODE_SIGN_STYLE = Automatic;
				DEVELOPMENT_ASSET_PATHS = "\"MySwiftUI/Preview Content\"";
				DEVELOPMENT_TEAM = 57SW6365Y9;
				ENABLE_PREVIEWS = YES;
				INFOPLIST_FILE = MySwiftUI/Info.plist;
				IPHONEOS_DEPLOYMENT_TARGET = 14.1;
				LD_RUNPATH_SEARCH_PATHS = (
					"$(inherited)",
					"@executable_path/Frameworks",
				);
				PRODUCT_BUNDLE_IDENTIFIER = "Takahiro-Fukase.MySwiftUI";
				PRODUCT_NAME = "$(TARGET_NAME)";
				SWIFT_VERSION = 5.0;
				TARGETED_DEVICE_FAMILY = "1,2";
			};
			name = Debug;
		};
		86627D8527341BF60044A980 /* Release */ = {
			isa = XCBuildConfiguration;
			buildSettings = {
				ASSETCATALOG_COMPILER_APPICON_NAME = AppIcon;
				ASSETCATALOG_COMPILER_GLOBAL_ACCENT_COLOR_NAME = AccentColor;
				CODE_SIGN_STYLE = Automatic;
				DEVELOPMENT_ASSET_PATHS = "\"MySwiftUI/Preview Content\"";
				DEVELOPMENT_TEAM = 57SW6365Y9;
				ENABLE_PREVIEWS = YES;
				INFOPLIST_FILE = MySwiftUI/Info.plist;
				IPHONEOS_DEPLOYMENT_TARGET = 14.1;
				LD_RUNPATH_SEARCH_PATHS = (
					"$(inherited)",
					"@executable_path/Frameworks",
				);
				PRODUCT_BUNDLE_IDENTIFIER = "Takahiro-Fukase.MySwiftUI";
				PRODUCT_NAME = "$(TARGET_NAME)";
				SWIFT_VERSION = 5.0;
				TARGETED_DEVICE_FAMILY = "1,2";
			};
			name = Release;
		};
		86627D8727341BF60044A980 /* Debug */ = {
			isa = XCBuildConfiguration;
			buildSettings = {
				ALWAYS_EMBED_SWIFT_STANDARD_LIBRARIES = YES;
				BUNDLE_LOADER = "$(TEST_HOST)";
				CODE_SIGN_STYLE = Automatic;
				DEVELOPMENT_TEAM = 57SW6365Y9;
				INFOPLIST_FILE = MySwiftUITests/Info.plist;
				IPHONEOS_DEPLOYMENT_TARGET = 14.4;
				LD_RUNPATH_SEARCH_PATHS = (
					"$(inherited)",
					"@executable_path/Frameworks",
					"@loader_path/Frameworks",
				);
				PRODUCT_BUNDLE_IDENTIFIER = "Takahiro-Fukase.MySwiftUITests";
				PRODUCT_NAME = "$(TARGET_NAME)";
				SWIFT_VERSION = 5.0;
				TARGETED_DEVICE_FAMILY = "1,2";
				TEST_HOST = "$(BUILT_PRODUCTS_DIR)/MySwiftUI.app/MySwiftUI";
			};
			name = Debug;
		};
		86627D8827341BF60044A980 /* Release */ = {
			isa = XCBuildConfiguration;
			buildSettings = {
				ALWAYS_EMBED_SWIFT_STANDARD_LIBRARIES = YES;
				BUNDLE_LOADER = "$(TEST_HOST)";
				CODE_SIGN_STYLE = Automatic;
				DEVELOPMENT_TEAM = 57SW6365Y9;
				INFOPLIST_FILE = MySwiftUITests/Info.plist;
				IPHONEOS_DEPLOYMENT_TARGET = 14.4;
				LD_RUNPATH_SEARCH_PATHS = (
					"$(inherited)",
					"@executable_path/Frameworks",
					"@loader_path/Frameworks",
				);
				PRODUCT_BUNDLE_IDENTIFIER = "Takahiro-Fukase.MySwiftUITests";
				PRODUCT_NAME = "$(TARGET_NAME)";
				SWIFT_VERSION = 5.0;
				TARGETED_DEVICE_FAMILY = "1,2";
				TEST_HOST = "$(BUILT_PRODUCTS_DIR)/MySwiftUI.app/MySwiftUI";
			};
			name = Release;
		};
		86627D8A27341BF60044A980 /* Debug */ = {
			isa = XCBuildConfiguration;
			buildSettings = {
				ALWAYS_EMBED_SWIFT_STANDARD_LIBRARIES = YES;
				CODE_SIGN_STYLE = Automatic;
				DEVELOPMENT_TEAM = 57SW6365Y9;
				INFOPLIST_FILE = MySwiftUIUITests/Info.plist;
				LD_RUNPATH_SEARCH_PATHS = (
					"$(inherited)",
					"@executable_path/Frameworks",
					"@loader_path/Frameworks",
				);
				PRODUCT_BUNDLE_IDENTIFIER = "Takahiro-Fukase.MySwiftUIUITests";
				PRODUCT_NAME = "$(TARGET_NAME)";
				SWIFT_VERSION = 5.0;
				TARGETED_DEVICE_FAMILY = "1,2";
				TEST_TARGET_NAME = MySwiftUI;
			};
			name = Debug;
		};
		86627D8B27341BF60044A980 /* Release */ = {
			isa = XCBuildConfiguration;
			buildSettings = {
				ALWAYS_EMBED_SWIFT_STANDARD_LIBRARIES = YES;
				CODE_SIGN_STYLE = Automatic;
				DEVELOPMENT_TEAM = 57SW6365Y9;
				INFOPLIST_FILE = MySwiftUIUITests/Info.plist;
				LD_RUNPATH_SEARCH_PATHS = (
					"$(inherited)",
					"@executable_path/Frameworks",
					"@loader_path/Frameworks",
				);
				PRODUCT_BUNDLE_IDENTIFIER = "Takahiro-Fukase.MySwiftUIUITests";
				PRODUCT_NAME = "$(TARGET_NAME)";
				SWIFT_VERSION = 5.0;
				TARGETED_DEVICE_FAMILY = "1,2";
				TEST_TARGET_NAME = MySwiftUI;
			};
			name = Release;
		};
/* End XCBuildConfiguration section */

/* Begin XCConfigurationList section */
		86627D5427341BF50044A980 /* Build configuration list for PBXProject "MySwiftUI" */ = {
			isa = XCConfigurationList;
			buildConfigurations = (
				86627D8127341BF60044A980 /* Debug */,
				86627D8227341BF60044A980 /* Release */,
			);
			defaultConfigurationIsVisible = 0;
			defaultConfigurationName = Release;
		};
		86627D8327341BF60044A980 /* Build configuration list for PBXNativeTarget "MySwiftUI" */ = {
			isa = XCConfigurationList;
			buildConfigurations = (
				86627D8427341BF60044A980 /* Debug */,
				86627D8527341BF60044A980 /* Release */,
			);
			defaultConfigurationIsVisible = 0;
			defaultConfigurationName = Release;
		};
		86627D8627341BF60044A980 /* Build configuration list for PBXNativeTarget "MySwiftUITests" */ = {
			isa = XCConfigurationList;
			buildConfigurations = (
				86627D8727341BF60044A980 /* Debug */,
				86627D8827341BF60044A980 /* Release */,
			);
			defaultConfigurationIsVisible = 0;
			defaultConfigurationName = Release;
		};
		86627D8927341BF60044A980 /* Build configuration list for PBXNativeTarget "MySwiftUIUITests" */ = {
			isa = XCConfigurationList;
			buildConfigurations = (
				86627D8A27341BF60044A980 /* Debug */,
				86627D8B27341BF60044A980 /* Release */,
			);
			defaultConfigurationIsVisible = 0;
			defaultConfigurationName = Release;
		};
/* End XCConfigurationList section */
	};
	rootObject = 86627D5127341BF50044A980 /* Project object */;
}
